<Solution>
  <Project Path="MaterialCodingSystem.Validation/MaterialCodingSystem.Validation.csproj" Id="728703f0-db1d-4860-a4c0-d7145e0e29fe" />
  <Project Path="MaterialCodingSystem/MaterialCodingSystem.csproj" />
  <Project Path="MaterialCodingSystem.Tests/MaterialCodingSystem.Tests.csproj" />
</Solution>
